{
  "originHash" : "04d3c4f0ef731c9f74b85ae8b405d1c9e02c965efde39b2c3e4db5aadc6de862",
  "pins" : [
    {
      "identity" : "apple_view_model",
      "kind" : "remoteSourceControl",
      "location" : "https://github.com/lwj1994/apple_view_model.git",
      "state" : {
        "revision" : "ebcb38c9abf47710cf875252376f6ceefb2bb228",
        "version" : "0.3.3"
      }
    }
  ],
  "version" : 3
}
